
Microsoft Visual Studio Solution File, Format Version 12.00
# Visual Studio Version 17
VisualStudioVersion = 17.11.35312.102
MinimumVisualStudioVersion = 10.0.40219.1
Project("{FAE04EC0-301F-11D3-BF4B-00C04F79EFBC}") = "cs-mvcs-and-apis-sprint", "cs-mvcs-and-apis-sprint\cs-mvcs-and-apis-sprint.csproj", "{13521524-5A4C-4106-9711-EAE46AB49981}"
EndProject
Global
	GlobalSection(SolutionConfigurationPlatforms) = preSolution
		Debug|Any CPU = Debug|Any CPU
		Release|Any CPU = Release|Any CPU
	EndGlobalSection
	GlobalSection(ProjectConfigurationPlatforms) = postSolution
		{13521524-5A4C-4106-9711-EAE46AB49981}.Debug|Any CPU.ActiveCfg = Debug|Any CPU
		{13521524-5A4C-4106-9711-EAE46AB49981}.Debug|Any CPU.Build.0 = Debug|Any CPU
		{13521524-5A4C-4106-9711-EAE46AB49981}.Release|Any CPU.ActiveCfg = Release|Any CPU
		{13521524-5A4C-4106-9711-EAE46AB49981}.Release|Any CPU.Build.0 = Release|Any CPU
	EndGlobalSection
	GlobalSection(SolutionProperties) = preSolution
		HideSolutionNode = FALSE
	EndGlobalSection
	GlobalSection(ExtensibilityGlobals) = postSolution
		SolutionGuid = {63E4FD4F-1EAD-44D7-8574-E503A951BABF}
	EndGlobalSection
EndGlobal
